
Microsoft Visual Studio Solution File, Format Version 12.00
# Visual Studio 2012
Project("{FAE04EC0-301F-11D3-BF4B-00C04F79EFBC}") = "SKB.ArchiveManager", "SKB.ArchiveManager\SKB.ArchiveManager.csproj", "{050E43CB-4C9D-4D10-A5A7-BEE038A05F4D}"
EndProject
Project("{930C7802-8A8C-48F9-8165-68863BCCD9DD}") = "SKB.ArchiveManager.Setup", "SKB.ArchiveManagerSetup\SKB.ArchiveManager.Setup.wixproj", "{0C3C2C6B-FB55-41D4-8B53-709728033D94}"
	ProjectSection(ProjectDependencies) = postProject
		{050E43CB-4C9D-4D10-A5A7-BEE038A05F4D} = {050E43CB-4C9D-4D10-A5A7-BEE038A05F4D}
	EndProjectSection
EndProject
Global
	GlobalSection(SolutionConfigurationPlatforms) = preSolution
		Debug|x86 = Debug|x86
		Release|x86 = Release|x86
	EndGlobalSection
	GlobalSection(ProjectConfigurationPlatforms) = postSolution
		{050E43CB-4C9D-4D10-A5A7-BEE038A05F4D}.Debug|x86.ActiveCfg = Debug|x86
		{050E43CB-4C9D-4D10-A5A7-BEE038A05F4D}.Debug|x86.Build.0 = Debug|x86
		{050E43CB-4C9D-4D10-A5A7-BEE038A05F4D}.Release|x86.ActiveCfg = Release|x86
		{050E43CB-4C9D-4D10-A5A7-BEE038A05F4D}.Release|x86.Build.0 = Release|x86
		{0C3C2C6B-FB55-41D4-8B53-709728033D94}.Debug|x86.ActiveCfg = Debug|x86
		{0C3C2C6B-FB55-41D4-8B53-709728033D94}.Debug|x86.Build.0 = Debug|x86
		{0C3C2C6B-FB55-41D4-8B53-709728033D94}.Release|x86.ActiveCfg = Release|x86
		{0C3C2C6B-FB55-41D4-8B53-709728033D94}.Release|x86.Build.0 = Release|x86
	EndGlobalSection
	GlobalSection(SolutionProperties) = preSolution
		HideSolutionNode = FALSE
	EndGlobalSection
EndGlobal
